version = 1
revision = 3
requires-python = "==3.10.*"

[[package]]
name = "deap"
version = "1.3.1"
source = { registry = "https://pypi.org/simple" }
dependencies = [
    { name = "numpy" },
]
sdist = { url = "https://files.pythonhosted.org/packages/85/1e/5f707798f8f05616c03079f02b63568b2b91f8136891a2eeffd9f78f6d8b/deap-1.3.1.tar.gz", hash = "sha256:11f54493ceb54aae10dde676577ef59fc52d52f82729d5a12c90b0813c857a2f", size = 1068273, upload-time = "2020-01-21T01:18:22.156Z" }
wheels = [
    { url = "https://files.pythonhosted.org/packages/59/a6/fa620c69939d08b9e3890ba2ea9d698a3f9f0d699a020284dbb8d4640954/deap-1.3.1-cp310-cp310-macosx_10_15_x86_64.whl", hash = "sha256:6eabd21f8a4c2213a99b61fbd26f819825083d5bf8de091a2d45df35c0d93a57", size = 109118, upload-time = "2022-08-07T16:54:31.269Z" },
    { url = "https://files.pythonhosted.org/packages/0b/aa/6ef26e5eb0a0f197dbc29100b0c027848f7dea707e5d84191cabbc948a48/deap-1.3.1-cp310-cp310-manylinux_2_17_aarch64.manylinux2014_aarch64.whl", hash = "sha256:d714852bb236c38ade099ccf49802ead2205b4f685b92622e744d0b236c51a8c", size = 139724, upload-time = "2022-08-07T16:58:03.893Z" },
    { url = "https://files.pythonhosted.org/packages/c1/77/810ef543179000813d7bd611716fceb0ec2b382391be7ece99fcdf5d5529/deap-1.3.1-cp310-cp310-manylinux_2_5_x86_64.manylinux1_x86_64.manylinux_2_12_x86_64.manylinux2010_x86_64.whl", hash = "sha256:51e10643e773b3962baf6397888d253ae1e468fae6ed30e5cf3be108e21fc017", size = 160080, upload-time = "2021-05-08T10:33:23.937Z" },
    { url = "https://files.pythonhosted.org/packages/7d/9f/ef65371acc07081327a2329b861d615722a78587b0590163a361c35ffac7/deap-1.3.1-cp310-cp310-win_amd64.whl", hash = "sha256:aa259d927e228bb9c71f200b3a8a441791eb8c21cd3e9dfcd44cb8750f8228d4", size = 114301, upload-time = "2022-08-07T16:55:35.221Z" },
]

[[package]]
name = "geppy"
version = "0.1.3"
source = { registry = "https://pypi.org/simple" }
dependencies = [
    { name = "deap" },
]
sdist = { url = "https://files.pythonhosted.org/packages/0f/e9/58bba7b39d3e0cd063bab8cc58aca07b9036511aa95ccbc7391f39c4eb5b/geppy-0.1.3.tar.gz", hash = "sha256:3915796ae8beeffba7a570b321624b9a331581e479bb439097a65a0427a28abb", size = 35143, upload-time = "2021-09-21T03:22:25.361Z" }

[[package]]
name = "gpr-fast"
version = "0.1.0"
source = { editable = "../../packages/gpr-fast" }
dependencies = [
    { name = "deap" },
    { name = "geppy" },
    { name = "numba" },
    { name = "numpy" },
    { name = "setuptools" },
]

[package.metadata]
requires-dist = [
    { name = "deap", specifier = "==1.3.1" },
    { name = "geppy", specifier = "==0.1.3" },
    { name = "numba", specifier = "==0.57.1" },
    { name = "numpy", specifier = "==1.21.6" },
    { name = "setuptools", specifier = ">=69,<82" },
]

[[package]]
name = "llvmlite"
version = "0.40.1"
source = { registry = "https://pypi.org/simple" }
sdist = { url = "https://files.pythonhosted.org/packages/95/e0/369f1c0613c9532319ed3307f4289afc8338d3bf71c1875fdf43603a2d19/llvmlite-0.40.1.tar.gz", hash = "sha256:5cdb0d45df602099d833d50bd9e81353a5e036242d3c003c5b294fc61d1986b4", size = 136328, upload-time = "2023-06-21T17:16:20.734Z" }
wheels = [
    { url = "https://files.pythonhosted.org/packages/42/a6/ee609a7ec912b6fde1249f8ce659dabbc72d8bc31e23a5db38a1a98b624f/llvmlite-0.40.1-cp310-cp310-macosx_10_9_x86_64.whl", hash = "sha256:84ce9b1c7a59936382ffde7871978cddcda14098e5a76d961e204523e5c372fb", size = 30362776, upload-time = "2023-06-21T17:14:01.663Z" },
    { url = "https://files.pythonhosted.org/packages/53/2c/c684c6662e948ff1bb157fccc40ccb99e07176a34b845029f66313e6ab72/llvmlite-0.40.1-cp310-cp310-macosx_11_0_arm64.whl", hash = "sha256:3673c53cb21c65d2ff3704962b5958e967c6fc0bd0cff772998face199e8d87b", size = 28087158, upload-time = "2023-06-21T17:14:08.359Z" },
    { url = "https://files.pythonhosted.org/packages/c5/93/077aba44d99aad58674f8dc28aefe5743d15827bc6e66302052df9e411a1/llvmlite-0.40.1-cp310-cp310-manylinux_2_17_aarch64.manylinux2014_aarch64.whl", hash = "sha256:bba2747cf5b4954e945c287fe310b3fcc484e2a9d1b0c273e99eb17d103bb0e6", size = 41130538, upload-time = "2023-06-21T17:14:12.529Z" },
    { url = "https://files.pythonhosted.org/packages/14/73/424ef49a4bb7bbc9c16f3fc66926cb3018699c69146cd130642c76ff2d97/llvmlite-0.40.1-cp310-cp310-manylinux_2_17_x86_64.manylinux2014_x86_64.whl", hash = "sha256:bbd5e82cc990e5a3e343a3bf855c26fdfe3bfae55225f00efd01c05bbda79918", size = 42118998, upload-time = "2023-06-21T17:14:19.684Z" },
    { url = "https://files.pythonhosted.org/packages/d1/f4/25df35f5e403cb146ed57fedcd43e8de22a5b45a597b2ec5a1ef6315f93b/llvmlite-0.40.1-cp310-cp310-win32.whl", hash = "sha256:09f83ea7a54509c285f905d968184bba00fc31ebf12f2b6b1494d677bb7dde9b", size = 23083918, upload-time = "2023-06-21T17:14:25.806Z" },
    { url = "https://files.pythonhosted.org/packages/6c/4f/e6f9dc0b34e5b8450ef757cd35afda999c8cc5098907a512cf0ecae840b5/llvmlite-0.40.1-cp310-cp310-win_amd64.whl", hash = "sha256:7b37297f3cbd68d14a97223a30620589d98ad1890e5040c9e5fc181063f4ed49", size = 27712433, upload-time = "2023-06-21T17:14:32.925Z" },
]

[[package]]
name = "numba"
version = "0.57.1"
source = { registry = "https://pypi.org/simple" }
dependencies = [
    { name = "llvmlite" },
    { name = "numpy" },
]
sdist = { url = "https://files.pythonhosted.org/packages/f0/51/cc9d67b9357ac04e7c838dfa880acbfee0c15e02ca5a35b3e064a36131f7/numba-0.57.1.tar.gz", hash = "sha256:33c0500170d213e66d90558ad6aca57d3e03e97bb11da82e6d87ab793648cb17", size = 2552795, upload-time = "2023-06-21T17:42:46.46Z" }
wheels = [
    { url = "https://files.pythonhosted.org/packages/f3/67/70d0fd1901971096c773bf89747c16023dbe8ce3cce1b7d2e94a87390ca7/numba-0.57.1-cp310-cp310-macosx_10_9_x86_64.whl", hash = "sha256:db8268eb5093cae2288942a8cbd69c9352f6fe6e0bfa0a9a27679436f92e4248", size = 2520181, upload-time = "2023-06-21T17:41:55.743Z" },
    { url = "https://files.pythonhosted.org/packages/f9/b4/bdd4823d7e9aa34abf03c21cd49bd0fd6ba87466dd350f48fed05d4302ba/numba-0.57.1-cp310-cp310-macosx_11_0_arm64.whl", hash = "sha256:643cb09a9ba9e1bd8b060e910aeca455e9442361e80fce97690795ff9840e681", size = 2523018, upload-time = "2023-06-21T17:41:58.193Z" },
    { url = "https://files.pythonhosted.org/packages/44/cf/573c2aec50b1e4dce6e93fe3036dfa6858e660d9c6f92a649e357d6d7811/numba-0.57.1-cp310-cp310-manylinux2014_aarch64.manylinux_2_17_aarch64.whl", hash = "sha256:53e9fab973d9e82c9f8449f75994a898daaaf821d84f06fbb0b9de2293dd9306", size = 3281574, upload-time = "2023-06-21T17:42:00.327Z" },
    { url = "https://files.pythonhosted.org/packages/aa/9d/e93ddc139fcd5b7201bcbdd1ac9c76534aac043fbbdb86ab4bd2e7aebae5/numba-0.57.1-cp310-cp310-manylinux2014_x86_64.manylinux_2_17_x86_64.whl", hash = "sha256:c0602e4f896e6a6d844517c3ab434bc978e7698a22a733cc8124465898c28fa8", size = 3573231, upload-time = "2023-06-21T17:42:02.614Z" },
    { url = "https://files.pythonhosted.org/packages/26/09/003f2017009366f734e69a4b8ecc6712aafefe8e64f970589b08acdf7632/numba-0.57.1-cp310-cp310-win32.whl", hash = "sha256:3d6483c27520d16cf5d122868b79cad79e48056ecb721b52d70c126bed65431e", size = 2539686, upload-time = "2023-06-21T17:42:04.548Z" },
    { url = "https://files.pythonhosted.org/packages/f3/3e/6349c624303b78b6bbb97168c7fb38a1a0cb1605ae4c5d45af3b829f067a/numba-0.57.1-cp310-cp310-win_amd64.whl", hash = "sha256:a32ee263649aa3c3587b833d6311305379529570e6c20deb0c6f4fb5bc7020db", size = 2538125, upload-time = "2023-06-21T17:42:06.572Z" },
]

[[package]]
name = "numpy"
version = "1.21.6"
source = { registry = "https://pypi.org/simple" }
sdist = { url = "https://files.pythonhosted.org/packages/45/b7/de7b8e67f2232c26af57c205aaad29fe17754f793404f59c8a730c7a191a/numpy-1.21.6.zip", hash = "sha256:ecb55251139706669fdec2ff073c98ef8e9a84473e51e716211b41aa0f18e656", size = 10274544, upload-time = "2022-04-12T15:23:55.653Z" }
wheels = [
    { url = "https://files.pythonhosted.org/packages/ff/c6/05ae3c7f75b596e1bb3d78131c331eada9376a03d1af9801bd40e4675023/numpy-1.21.6-cp310-cp310-macosx_10_9_universal2.whl", hash = "sha256:8737609c3bbdd48e380d463134a35ffad3b22dc56295eff6f79fd85bd0eeeb25", size = 27203123, upload-time = "2022-04-12T14:48:15.695Z" },
    { url = "https://files.pythonhosted.org/packages/4a/72/a3379f83172f1431d7949138373e3a24beed68184c9362dab1b4d465be26/numpy-1.21.6-cp310-cp310-macosx_10_9_x86_64.whl", hash = "sha256:fdffbfb6832cd0b300995a2b08b8f6fa9f6e856d562800fea9182316d99c4e8e", size = 16965603, upload-time = "2022-04-12T14:48:41.371Z" },
    { url = "https://files.pythonhosted.org/packages/26/e7/4a6f579af8186372b03e8480e47df309520d91cfead8759b64dd5ac62688/numpy-1.21.6-cp310-cp310-macosx_11_0_arm64.whl", hash = "sha256:3820724272f9913b597ccd13a467cc492a0da6b05df26ea09e78b171a0bb9da6", size = 12364595, upload-time = "2022-04-12T14:49:01.002Z" },
    { url = "https://files.pythonhosted.org/packages/57/ba/d8cbdfd507b541bb247beff24d9d7304ac8ffc379cf585701187d45d4512/numpy-1.21.6-cp310-cp310-manylinux_2_17_aarch64.manylinux2014_aarch64.whl", hash = "sha256:f17e562de9edf691a42ddb1eb4a5541c20dd3f9e65b09ded2beb0799c0cf29bb", size = 13019278, upload-time = "2022-04-12T14:49:20.896Z" },
    { url = "https://files.pythonhosted.org/packages/6f/7b/036000a55680e6c7eb81502b0aa27ce0ed65d4d8805613909967d9f8baf6/numpy-1.21.6-cp310-cp310-manylinux_2_17_x86_64.manylinux2014_x86_64.whl", hash = "sha256:5f30427731561ce75d7048ac254dbe47a2ba576229250fb60f0fb74db96501a1", size = 15906004, upload-time = "2022-04-12T14:49:44.734Z" },
    { url = "https://files.pythonhosted.org/packages/b0/77/ff8bbe56ff6cbbdbdb8a641c67cee61e29b2e8bfbb18732c2e1d2961fe4d/numpy-1.21.6-cp310-cp310-win32.whl", hash = "sha256:d4bf4d43077db55589ffc9009c0ba0a94fa4908b9586d6ccce2e0b164c86303c", size = 11706182, upload-time = "2022-04-12T14:50:03.227Z" },
    { url = "https://files.pythonhosted.org/packages/ec/03/93702ca9c4bd61791e46c80ff1f24943febb2317484cf7e8207688bbbd95/numpy-1.21.6-cp310-cp310-win_amd64.whl", hash = "sha256:d136337ae3cc69aa5e447e78d8e1514be8c3ec9b54264e680cf0b4bd9011574f", size = 14008913, upload-time = "2022-04-12T14:50:24.392Z" },
]

[[package]]
name = "rule-based-classification-gpr-environment"
version = "0.1.0"
source = { virtual = "." }
dependencies = [
    { name = "deap" },
    { name = "geppy" },
    { name = "gpr-fast" },
    { name = "numba" },
    { name = "numpy" },
    { name = "setuptools" },
]

[package.metadata]
requires-dist = [
    { name = "deap", specifier = "==1.3.1" },
    { name = "geppy", specifier = "==0.1.3" },
    { name = "gpr-fast", editable = "../../packages/gpr-fast" },
    { name = "numba", specifier = "==0.57.1" },
    { name = "numpy", specifier = "==1.21.6" },
    { name = "setuptools", specifier = "==80.10.2" },
]

[[package]]
name = "setuptools"
version = "80.10.2"
source = { registry = "https://pypi.org/simple" }
sdist = { url = "https://files.pythonhosted.org/packages/76/95/faf61eb8363f26aa7e1d762267a8d602a1b26d4f3a1e758e92cb3cb8b054/setuptools-80.10.2.tar.gz", hash = "sha256:8b0e9d10c784bf7d262c4e5ec5d4ec94127ce206e8738f29a437945fbc219b70", size = 1200343, upload-time = "2026-01-25T22:38:17.252Z" }
wheels = [
    { url = "https://files.pythonhosted.org/packages/94/b8/f1f62a5e3c0ad2ff1d189590bfa4c46b4f3b6e49cef6f26c6ee4e575394d/setuptools-80.10.2-py3-none-any.whl", hash = "sha256:95b30ddfb717250edb492926c92b5221f7ef3fbcc2b07579bcd4a27da21d0173", size = 1064234, upload-time = "2026-01-25T22:38:15.216Z" },
]
